
Microsoft Visual Studio Solution File, Format Version 12.00
# Visual Studio 15
VisualStudioVersion = 15.0.26403.7
MinimumVisualStudioVersion = 10.0.40219.1
Project("{FAE04EC0-301F-11D3-BF4B-00C04F79EFBC}") = "MVC", "MVC\MVC.csproj", "{C680BFC1-7B17-42B0-8847-7DDF15673BBD}"
EndProject
Project("{FAE04EC0-301F-11D3-BF4B-00C04F79EFBC}") = "MVC.Tests", "MVC.Tests\MVC.Tests.csproj", "{F7305B6F-CFAA-4271-8A12-C2576DAECA69}"
EndProject
Global
	GlobalSection(SolutionConfigurationPlatforms) = preSolution
		Debug|Any CPU = Debug|Any CPU
		Release|Any CPU = Release|Any CPU
	EndGlobalSection
	GlobalSection(ProjectConfigurationPlatforms) = postSolution
		{C680BFC1-7B17-42B0-8847-7DDF15673BBD}.Debug|Any CPU.ActiveCfg = Debug|Any CPU
		{C680BFC1-7B17-42B0-8847-7DDF15673BBD}.Debug|Any CPU.Build.0 = Debug|Any CPU
		{C680BFC1-7B17-42B0-8847-7DDF15673BBD}.Release|Any CPU.ActiveCfg = Release|Any CPU
		{C680BFC1-7B17-42B0-8847-7DDF15673BBD}.Release|Any CPU.Build.0 = Release|Any CPU
		{F7305B6F-CFAA-4271-8A12-C2576DAECA69}.Debug|Any CPU.ActiveCfg = Debug|Any CPU
		{F7305B6F-CFAA-4271-8A12-C2576DAECA69}.Debug|Any CPU.Build.0 = Debug|Any CPU
		{F7305B6F-CFAA-4271-8A12-C2576DAECA69}.Release|Any CPU.ActiveCfg = Release|Any CPU
		{F7305B6F-CFAA-4271-8A12-C2576DAECA69}.Release|Any CPU.Build.0 = Release|Any CPU
	EndGlobalSection
	GlobalSection(SolutionProperties) = preSolution
		HideSolutionNode = FALSE
	EndGlobalSection
EndGlobal
